
Microsoft Visual Studio Solution File, Format Version 11.00
# Visual Studio 2010
Project("{8BC9CEB8-8B4A-11D0-8D11-00A0C91BC942}") = "bin_luabind", "bin_luabind.vcxproj", "{0305EA54-5BC9-402B-9DC0-C97253BC22F8}"
	ProjectSection(ProjectDependencies) = postProject
		{4D63F7C7-EC26-427A-82C1-9E9552E4500B} = {4D63F7C7-EC26-427A-82C1-9E9552E4500B}
	EndProjectSection
EndProject
Project("{8BC9CEB8-8B4A-11D0-8D11-00A0C91BC942}") = "lua", "lua.vcxproj", "{4D63F7C7-EC26-427A-82C1-9E9552E4500B}"
EndProject
Project("{8BC9CEB8-8B4A-11D0-8D11-00A0C91BC942}") = "test", "test.vcxproj", "{D0747734-5A28-43D9-B4D2-160256D816B3}"
	ProjectSection(ProjectDependencies) = postProject
		{0305EA54-5BC9-402B-9DC0-C97253BC22F8} = {0305EA54-5BC9-402B-9DC0-C97253BC22F8}
		{4D63F7C7-EC26-427A-82C1-9E9552E4500B} = {4D63F7C7-EC26-427A-82C1-9E9552E4500B}
	EndProjectSection
EndProject
Project("{8BC9CEB8-8B4A-11D0-8D11-00A0C91BC942}") = "example", "example.vcxproj", "{2C69DECC-2BBD-4DFF-830F-C35A80C782F1}"
EndProject
Global
	GlobalSection(SolutionConfigurationPlatforms) = preSolution
		Debug|Win32 = Debug|Win32
		Release|Win32 = Release|Win32
	EndGlobalSection
	GlobalSection(ProjectConfigurationPlatforms) = postSolution
		{0305EA54-5BC9-402B-9DC0-C97253BC22F8}.Debug|Win32.ActiveCfg = Debug|Win32
		{0305EA54-5BC9-402B-9DC0-C97253BC22F8}.Debug|Win32.Build.0 = Debug|Win32
		{0305EA54-5BC9-402B-9DC0-C97253BC22F8}.Release|Win32.ActiveCfg = Release|Win32
		{0305EA54-5BC9-402B-9DC0-C97253BC22F8}.Release|Win32.Build.0 = Release|Win32
		{4D63F7C7-EC26-427A-82C1-9E9552E4500B}.Debug|Win32.ActiveCfg = Debug|Win32
		{4D63F7C7-EC26-427A-82C1-9E9552E4500B}.Debug|Win32.Build.0 = Debug|Win32
		{4D63F7C7-EC26-427A-82C1-9E9552E4500B}.Release|Win32.ActiveCfg = Release|Win32
		{4D63F7C7-EC26-427A-82C1-9E9552E4500B}.Release|Win32.Build.0 = Release|Win32
		{D0747734-5A28-43D9-B4D2-160256D816B3}.Debug|Win32.ActiveCfg = Debug|Win32
		{D0747734-5A28-43D9-B4D2-160256D816B3}.Debug|Win32.Build.0 = Debug|Win32
		{D0747734-5A28-43D9-B4D2-160256D816B3}.Release|Win32.ActiveCfg = Release|Win32
		{D0747734-5A28-43D9-B4D2-160256D816B3}.Release|Win32.Build.0 = Release|Win32
		{2C69DECC-2BBD-4DFF-830F-C35A80C782F1}.Debug|Win32.ActiveCfg = Debug|Win32
		{2C69DECC-2BBD-4DFF-830F-C35A80C782F1}.Debug|Win32.Build.0 = Debug|Win32
		{2C69DECC-2BBD-4DFF-830F-C35A80C782F1}.Release|Win32.ActiveCfg = Release|Win32
		{2C69DECC-2BBD-4DFF-830F-C35A80C782F1}.Release|Win32.Build.0 = Release|Win32
	EndGlobalSection
	GlobalSection(SolutionProperties) = preSolution
		HideSolutionNode = FALSE
	EndGlobalSection
EndGlobal
